
Microsoft Visual Studio Solution File, Format Version 12.00
# Visual Studio Version 16
VisualStudioVersion = 16.0.31624.102
MinimumVisualStudioVersion = 10.0.40219.1
Project("{FAE04EC0-301F-11D3-BF4B-00C04F79EFBC}") = "Mandelbrot", "Mandelbrot.csproj", "{B34B3D1B-50FF-4A67-AA1C-0112D6074AC0}"
EndProject
Global
	GlobalSection(SolutionConfigurationPlatforms) = preSolution
		Debug|Any CPU = Debug|Any CPU
		Release|Any CPU = Release|Any CPU
	EndGlobalSection
	GlobalSection(ProjectConfigurationPlatforms) = postSolution
		{B34B3D1B-50FF-4A67-AA1C-0112D6074AC0}.Debug|Any CPU.ActiveCfg = Debug|Any CPU
		{B34B3D1B-50FF-4A67-AA1C-0112D6074AC0}.Debug|Any CPU.Build.0 = Debug|Any CPU
		{B34B3D1B-50FF-4A67-AA1C-0112D6074AC0}.Release|Any CPU.ActiveCfg = Release|Any CPU
		{B34B3D1B-50FF-4A67-AA1C-0112D6074AC0}.Release|Any CPU.Build.0 = Release|Any CPU
	EndGlobalSection
	GlobalSection(SolutionProperties) = preSolution
		HideSolutionNode = FALSE
	EndGlobalSection
	GlobalSection(ExtensibilityGlobals) = postSolution
		SolutionGuid = {C6138DAE-20B4-4F2D-A13F-C51F78F013BC}
	EndGlobalSection
EndGlobal
